// !$*UTF8*$!
{
	archiveVersion = 1;
	classes = {
	};
	objectVersion = 50;
	objects = {

/* Begin PBXBuildFile section */
		B37F7CD02505A9BC00B408BA /* AppDelegate.swift in Sources */ = {isa = PBXBuildFile; fileRef = B37F7CCF2505A9BC00B408BA /* AppDelegate.swift */; };
		B37F7CD22505A9BC00B408BA /* SceneDelegate.swift in Sources */ = {isa = PBXBuildFile; fileRef = B37F7CD12505A9BC00B408BA /* SceneDelegate.swift */; };
		B37F7CD42505A9BC00B408BA /* LandmarkDetail.swift in Sources */ = {isa = PBXBuildFile; fileRef = B37F7CD32505A9BC00B408BA /* LandmarkDetail.swift */; };
		B37F7CD62505A9BE00B408BA /* Assets.xcassets in Resources */ = {isa = PBXBuildFile; fileRef = B37F7CD52505A9BE00B408BA /* Assets.xcassets */; };
		B37F7CD92505A9BE00B408BA /* Preview Assets.xcassets in Resources */ = {isa = PBXBuildFile; fileRef = B37F7CD82505A9BE00B408BA /* Preview Assets.xcassets */; };
		B37F7CDC2505A9BE00B408BA /* LaunchScreen.storyboard in Resources */ = {isa = PBXBuildFile; fileRef = B37F7CDA2505A9BE00B408BA /* LaunchScreen.storyboard */; };
		B37F7CE42505C4BB00B408BA /* CircleImage.swift in Sources */ = {isa = PBXBuildFile; fileRef = B37F7CE32505C4BB00B408BA /* CircleImage.swift */; };
		B37F7CE62505C68100B408BA /* MapView.swift in Sources */ = {isa = PBXBuildFile; fileRef = B37F7CE52505C68100B408BA /* MapView.swift */; };
		B37F7CED2505E20500B408BA /* Data.swift in Sources */ = {isa = PBXBuildFile; fileRef = B37F7CEB2505E20500B408BA /* Data.swift */; };
		B37F7CEE2505E20500B408BA /* Landmark.swift in Sources */ = {isa = PBXBuildFile; fileRef = B37F7CEC2505E20500B408BA /* Landmark.swift */; };
		B37F7CFD2505E20D00B408BA /* turtlerock.jpg in Resources */ = {isa = PBXBuildFile; fileRef = B37F7CF02505E20D00B408BA /* turtlerock.jpg */; };
		B37F7CFE2505E20D00B408BA /* silversalmoncreek.jpg in Resources */ = {isa = PBXBuildFile; fileRef = B37F7CF12505E20D00B408BA /* silversalmoncreek.jpg */; };
		B37F7CFF2505E20D00B408BA /* icybay.jpg in Resources */ = {isa = PBXBuildFile; fileRef = B37F7CF22505E20D00B408BA /* icybay.jpg */; };
		B37F7D002505E20D00B408BA /* lakemcdonald.jpg in Resources */ = {isa = PBXBuildFile; fileRef = B37F7CF32505E20D00B408BA /* lakemcdonald.jpg */; };
		B37F7D012505E20D00B408BA /* hiddenlake.jpg in Resources */ = {isa = PBXBuildFile; fileRef = B37F7CF42505E20D00B408BA /* hiddenlake.jpg */; };
		B37F7D022505E20D00B408BA /* twinlake.jpg in Resources */ = {isa = PBXBuildFile; fileRef = B37F7CF52505E20D00B408BA /* twinlake.jpg */; };
		B37F7D032505E20D00B408BA /* umbagog.jpg in Resources */ = {isa = PBXBuildFile; fileRef = B37F7CF62505E20D00B408BA /* umbagog.jpg */; };
		B37F7D042505E20D00B408BA /* landmarkData.json in Resources */ = {isa = PBXBuildFile; fileRef = B37F7CF72505E20D00B408BA /* landmarkData.json */; };
		B37F7D052505E20D00B408BA /* chincoteague.jpg in Resources */ = {isa = PBXBuildFile; fileRef = B37F7CF82505E20D00B408BA /* chincoteague.jpg */; };
		B37F7D062505E20D00B408BA /* yukon_charleyrivers.jpg in Resources */ = {isa = PBXBuildFile; fileRef = B37F7CF92505E20D00B408BA /* yukon_charleyrivers.jpg */; };
		B37F7D072505E20D00B408BA /* stmarylake.jpg in Resources */ = {isa = PBXBuildFile; fileRef = B37F7CFA2505E20D00B408BA /* stmarylake.jpg */; };
		B37F7D082505E20D00B408BA /* chilkoottrail.jpg in Resources */ = {isa = PBXBuildFile; fileRef = B37F7CFB2505E20D00B408BA /* chilkoottrail.jpg */; };
		B37F7D092505E20D00B408BA /* rainbowlake.jpg in Resources */ = {isa = PBXBuildFile; fileRef = B37F7CFC2505E20D00B408BA /* rainbowlake.jpg */; };
		B37F7D0B2505E37700B408BA /* LandmarkRow.swift in Sources */ = {isa = PBXBuildFile; fileRef = B37F7D0A2505E37700B408BA /* LandmarkRow.swift */; };
		B37F7D0D2505F0E400B408BA /* LandmarkList.swift in Sources */ = {isa = PBXBuildFile; fileRef = B37F7D0C2505F0E400B408BA /* LandmarkList.swift */; };
/* End PBXBuildFile section */

/* Begin PBXFileReference section */
		B37F7CCC2505A9BC00B408BA /* Landmarks.app */ = {isa = PBXFileReference; explicitFileType = wrapper.application; includeInIndex = 0; path = Landmarks.app; sourceTree = BUILT_PRODUCTS_DIR; };
		B37F7CCF2505A9BC00B408BA /* AppDelegate.swift */ = {isa = PBXFileReference; lastKnownFileType = sourcecode.swift; path = AppDelegate.swift; sourceTree = "<group>"; };
		B37F7CD12505A9BC00B408BA /* SceneDelegate.swift */ = {isa = PBXFileReference; lastKnownFileType = sourcecode.swift; path = SceneDelegate.swift; sourceTree = "<group>"; };
		B37F7CD32505A9BC00B408BA /* LandmarkDetail.swift */ = {isa = PBXFileReference; lastKnownFileType = sourcecode.swift; path = LandmarkDetail.swift; sourceTree = "<group>"; };
		B37F7CD52505A9BE00B408BA /* Assets.xcassets */ = {isa = PBXFileReference; lastKnownFileType = folder.assetcatalog; path = Assets.xcassets; sourceTree = "<group>"; };
		B37F7CD82505A9BE00B408BA /* Preview Assets.xcassets */ = {isa = PBXFileReference; lastKnownFileType = folder.assetcatalog; path = "Preview Assets.xcassets"; sourceTree = "<group>"; };
		B37F7CDB2505A9BE00B408BA /* Base */ = {isa = PBXFileReference; lastKnownFileType = file.storyboard; name = Base; path = Base.lproj/LaunchScreen.storyboard; sourceTree = "<group>"; };
		B37F7CDD2505A9BE00B408BA /* Info.plist */ = {isa = PBXFileReference; lastKnownFileType = text.plist.xml; path = Info.plist; sourceTree = "<group>"; };
		B37F7CE32505C4BB00B408BA /* CircleImage.swift */ = {isa = PBXFileReference; lastKnownFileType = sourcecode.swift; path = CircleImage.swift; sourceTree = "<group>"; };
		B37F7CE52505C68100B408BA /* MapView.swift */ = {isa = PBXFileReference; lastKnownFileType = sourcecode.swift; path = MapView.swift; sourceTree = "<group>"; };
		B37F7CEB2505E20500B408BA /* Data.swift */ = {isa = PBXFileReference; fileEncoding = 4; lastKnownFileType = sourcecode.swift; path = Data.swift; sourceTree = "<group>"; };
		B37F7CEC2505E20500B408BA /* Landmark.swift */ = {isa = PBXFileReference; fileEncoding = 4; lastKnownFileType = sourcecode.swift; path = Landmark.swift; sourceTree = "<group>"; };
		B37F7CF02505E20D00B408BA /* turtlerock.jpg */ = {isa = PBXFileReference; lastKnownFileType = image.jpeg; path = turtlerock.jpg; sourceTree = "<group>"; };
		B37F7CF12505E20D00B408BA /* silversalmoncreek.jpg */ = {isa = PBXFileReference; lastKnownFileType = image.jpeg; path = silversalmoncreek.jpg; sourceTree = "<group>"; };
		B37F7CF22505E20D00B408BA /* icybay.jpg */ = {isa = PBXFileReference; lastKnownFileType = image.jpeg; path = icybay.jpg; sourceTree = "<group>"; };
		B37F7CF32505E20D00B408BA /* lakemcdonald.jpg */ = {isa = PBXFileReference; lastKnownFileType = image.jpeg; path = lakemcdonald.jpg; sourceTree = "<group>"; };
		B37F7CF42505E20D00B408BA /* hiddenlake.jpg */ = {isa = PBXFileReference; lastKnownFileType = image.jpeg; path = hiddenlake.jpg; sourceTree = "<group>"; };
		B37F7CF52505E20D00B408BA /* twinlake.jpg */ = {isa = PBXFileReference; lastKnownFileType = image.jpeg; path = twinlake.jpg; sourceTree = "<group>"; };
		B37F7CF62505E20D00B408BA /* umbagog.jpg */ = {isa = PBXFileReference; lastKnownFileType = image.jpeg; path = umbagog.jpg; sourceTree = "<group>"; };
		B37F7CF72505E20D00B408BA /* landmarkData.json */ = {isa = PBXFileReference; fileEncoding = 4; lastKnownFileType = text.json; path = landmarkData.json; sourceTree = "<group>"; };
		B37F7CF82505E20D00B408BA /* chincoteague.jpg */ = {isa = PBXFileReference; lastKnownFileType = image.jpeg; path = chincoteague.jpg; sourceTree = "<group>"; };
		B37F7CF92505E20D00B408BA /* yukon_charleyrivers.jpg */ = {isa = PBXFileReference; lastKnownFileType = image.jpeg; path = yukon_charleyrivers.jpg; sourceTree = "<group>"; };
		B37F7CFA2505E20D00B408BA /* stmarylake.jpg */ = {isa = PBXFileReference; lastKnownFileType = image.jpeg; path = stmarylake.jpg; sourceTree = "<group>"; };
		B37F7CFB2505E20D00B408BA /* chilkoottrail.jpg */ = {isa = PBXFileReference; lastKnownFileType = image.jpeg; path = chilkoottrail.jpg; sourceTree = "<group>"; };
		B37F7CFC2505E20D00B408BA /* rainbowlake.jpg */ = {isa = PBXFileReference; lastKnownFileType = image.jpeg; path = rainbowlake.jpg; sourceTree = "<group>"; };
		B37F7D0A2505E37700B408BA /* LandmarkRow.swift */ = {isa = PBXFileReference; lastKnownFileType = sourcecode.swift; path = LandmarkRow.swift; sourceTree = "<group>"; };
		B37F7D0C2505F0E400B408BA /* LandmarkList.swift */ = {isa = PBXFileReference; lastKnownFileType = sourcecode.swift; path = LandmarkList.swift; sourceTree = "<group>"; };
/* End PBXFileReference section */

/* Begin PBXFrameworksBuildPhase section */
		B37F7CC92505A9BC00B408BA /* Frameworks */ = {
			isa = PBXFrameworksBuildPhase;
			buildActionMask = 2147483647;
			files = (
			);
			runOnlyForDeploymentPostprocessing = 0;
		};
/* End PBXFrameworksBuildPhase section */

/* Begin PBXGroup section */
		B37F7CC32505A9BC00B408BA = {
			isa = PBXGroup;
			children = (
				B37F7CCE2505A9BC00B408BA /* Landmarks */,
				B37F7CCD2505A9BC00B408BA /* Products */,
			);
			sourceTree = "<group>";
		};
		B37F7CCD2505A9BC00B408BA /* Products */ = {
			isa = PBXGroup;
			children = (
				B37F7CCC2505A9BC00B408BA /* Landmarks.app */,
			);
			name = Products;
			sourceTree = "<group>";
		};
		B37F7CCE2505A9BC00B408BA /* Landmarks */ = {
			isa = PBXGroup;
			children = (
				B37F7CCF2505A9BC00B408BA /* AppDelegate.swift */,
				B37F7CD12505A9BC00B408BA /* SceneDelegate.swift */,
				B37F7CE32505C4BB00B408BA /* CircleImage.swift */,
				B37F7CD32505A9BC00B408BA /* LandmarkDetail.swift */,
				B37F7CE52505C68100B408BA /* MapView.swift */,
				B37F7CD52505A9BE00B408BA /* Assets.xcassets */,
				B37F7CDA2505A9BE00B408BA /* LaunchScreen.storyboard */,
				B37F7CDD2505A9BE00B408BA /* Info.plist */,
				B37F7D0C2505F0E400B408BA /* LandmarkList.swift */,
				B37F7D0A2505E37700B408BA /* LandmarkRow.swift */,
				B37F7CEA2505E20500B408BA /* Models */,
				B37F7CEF2505E20D00B408BA /* Resources */,
				B37F7CD72505A9BE00B408BA /* Preview Content */,
			);
			path = Landmarks;
			sourceTree = "<group>";
		};
		B37F7CD72505A9BE00B408BA /* Preview Content */ = {
			isa = PBXGroup;
			children = (
				B37F7CD82505A9BE00B408BA /* Preview Assets.xcassets */,
			);
			path = "Preview Content";
			sourceTree = "<group>";
		};
		B37F7CEA2505E20500B408BA /* Models */ = {
			isa = PBXGroup;
			children = (
				B37F7CEB2505E20500B408BA /* Data.swift */,
				B37F7CEC2505E20500B408BA /* Landmark.swift */,
			);
			path = Models;
			sourceTree = SOURCE_ROOT;
		};
		B37F7CEF2505E20D00B408BA /* Resources */ = {
			isa = PBXGroup;
			children = (
				B37F7CF02505E20D00B408BA /* turtlerock.jpg */,
				B37F7CF12505E20D00B408BA /* silversalmoncreek.jpg */,
				B37F7CF22505E20D00B408BA /* icybay.jpg */,
				B37F7CF32505E20D00B408BA /* lakemcdonald.jpg */,
				B37F7CF42505E20D00B408BA /* hiddenlake.jpg */,
				B37F7CF52505E20D00B408BA /* twinlake.jpg */,
				B37F7CF62505E20D00B408BA /* umbagog.jpg */,
				B37F7CF72505E20D00B408BA /* landmarkData.json */,
				B37F7CF82505E20D00B408BA /* chincoteague.jpg */,
				B37F7CF92505E20D00B408BA /* yukon_charleyrivers.jpg */,
				B37F7CFA2505E20D00B408BA /* stmarylake.jpg */,
				B37F7CFB2505E20D00B408BA /* chilkoottrail.jpg */,
				B37F7CFC2505E20D00B408BA /* rainbowlake.jpg */,
			);
			name = Resources;
			path = Landmarks/Resources;
			sourceTree = SOURCE_ROOT;
		};
/* End PBXGroup section */

/* Begin PBXNativeTarget section */
		B37F7CCB2505A9BC00B408BA /* Landmarks */ = {
			isa = PBXNativeTarget;
			buildConfigurationList = B37F7CE02505A9BE00B408BA /* Build configuration list for PBXNativeTarget "Landmarks" */;
			buildPhases = (
				B37F7CC82505A9BC00B408BA /* Sources */,
				B37F7CC92505A9BC00B408BA /* Frameworks */,
				B37F7CCA2505A9BC00B408BA /* Resources */,
			);
			buildRules = (
			);
			dependencies = (
			);
			name = Landmarks;
			productName = Landmarks;
			productReference = B37F7CCC2505A9BC00B408BA /* Landmarks.app */;
			productType = "com.apple.product-type.application";
		};
/* End PBXNativeTarget section */

/* Begin PBXProject section */
		B37F7CC42505A9BC00B408BA /* Project object */ = {
			isa = PBXProject;
			attributes = {
				LastSwiftUpdateCheck = 1160;
				LastUpgradeCheck = 1160;
				ORGANIZATIONNAME = "Pamela Ianovalli";
				TargetAttributes = {
					B37F7CCB2505A9BC00B408BA = {
						CreatedOnToolsVersion = 11.6;
					};
				};
			};
			buildConfigurationList = B37F7CC72505A9BC00B408BA /* Build configuration list for PBXProject "Landmarks" */;
			compatibilityVersion = "Xcode 9.3";
			developmentRegion = en;
			hasScannedForEncodings = 0;
			knownRegions = (
				en,
				Base,
			);
			mainGroup = B37F7CC32505A9BC00B408BA;
			productRefGroup = B37F7CCD2505A9BC00B408BA /* Products */;
			projectDirPath = "";
			projectRoot = "";
			targets = (
				B37F7CCB2505A9BC00B408BA /* Landmarks */,
			);
		};
/* End PBXProject section */

/* Begin PBXResourcesBuildPhase section */
		B37F7CCA2505A9BC00B408BA /* Resources */ = {
			isa = PBXResourcesBuildPhase;
			buildActionMask = 2147483647;
			files = (
				B37F7D002505E20D00B408BA /* lakemcdonald.jpg in Resources */,
				B37F7CFE2505E20D00B408BA /* silversalmoncreek.jpg in Resources */,
				B37F7D042505E20D00B408BA /* landmarkData.json in Resources */,
				B37F7CFD2505E20D00B408BA /* turtlerock.jpg in Resources */,
				B37F7CDC2505A9BE00B408BA /* LaunchScreen.storyboard in Resources */,
				B37F7D032505E20D00B408BA /* umbagog.jpg in Resources */,
				B37F7D072505E20D00B408BA /* stmarylake.jpg in Resources */,
				B37F7D052505E20D00B408BA /* chincoteague.jpg in Resources */,
				B37F7CD92505A9BE00B408BA /* Preview Assets.xcassets in Resources */,
				B37F7CFF2505E20D00B408BA /* icybay.jpg in Resources */,
				B37F7D022505E20D00B408BA /* twinlake.jpg in Resources */,
				B37F7D012505E20D00B408BA /* hiddenlake.jpg in Resources */,
				B37F7CD62505A9BE00B408BA /* Assets.xcassets in Resources */,
				B37F7D092505E20D00B408BA /* rainbowlake.jpg in Resources */,
				B37F7D082505E20D00B408BA /* chilkoottrail.jpg in Resources */,
				B37F7D062505E20D00B408BA /* yukon_charleyrivers.jpg in Resources */,
			);
			runOnlyForDeploymentPostprocessing = 0;
		};
/* End PBXResourcesBuildPhase section */

/* Begin PBXSourcesBuildPhase section */
		B37F7CC82505A9BC00B408BA /* Sources */ = {
			isa = PBXSourcesBuildPhase;
			buildActionMask = 2147483647;
			files = (
				B37F7CEE2505E20500B408BA /* Landmark.swift in Sources */,
				B37F7CD02505A9BC00B408BA /* AppDelegate.swift in Sources */,
				B37F7CED2505E20500B408BA /* Data.swift in Sources */,
				B37F7CE42505C4BB00B408BA /* CircleImage.swift in Sources */,
				B37F7D0D2505F0E400B408BA /* LandmarkList.swift in Sources */,
				B37F7CE62505C68100B408BA /* MapView.swift in Sources */,
				B37F7CD22505A9BC00B408BA /* SceneDelegate.swift in Sources */,
				B37F7D0B2505E37700B408BA /* LandmarkRow.swift in Sources */,
				B37F7CD42505A9BC00B408BA /* LandmarkDetail.swift in Sources */,
			);
			runOnlyForDeploymentPostprocessing = 0;
		};
/* End PBXSourcesBuildPhase section */

/* Begin PBXVariantGroup section */
		B37F7CDA2505A9BE00B408BA /* LaunchScreen.storyboard */ = {
			isa = PBXVariantGroup;
			children = (
				B37F7CDB2505A9BE00B408BA /* Base */,
			);
			name = LaunchScreen.storyboard;
			sourceTree = "<group>";
		};
/* End PBXVariantGroup section */

/* Begin XCBuildConfiguration section */
		B37F7CDE2505A9BE00B408BA /* Debug */ = {
			isa = XCBuildConfiguration;
			buildSettings = {
				ALWAYS_SEARCH_USER_PATHS = NO;
				CLANG_ANALYZER_NONNULL = YES;
				CLANG_ANALYZER_NUMBER_OBJECT_CONVERSION = YES_AGGRESSIVE;
				CLANG_CXX_LANGUAGE_STANDARD = "gnu++14";
				CLANG_CXX_LIBRARY = "libc++";
				CLANG_ENABLE_MODULES = YES;
				CLANG_ENABLE_OBJC_ARC = YES;
				CLANG_ENABLE_OBJC_WEAK = YES;
				CLANG_WARN_BLOCK_CAPTURE_AUTORELEASING = YES;
				CLANG_WARN_BOOL_CONVERSION = YES;
				CLANG_WARN_COMMA = YES;
				CLANG_WARN_CONSTANT_CONVERSION = YES;
				CLANG_WARN_DEPRECATED_OBJC_IMPLEMENTATIONS = YES;
				CLANG_WARN_DIRECT_OBJC_ISA_USAGE = YES_ERROR;
				CLANG_WARN_DOCUMENTATION_COMMENTS = YES;
				CLANG_WARN_EMPTY_BODY = YES;
				CLANG_WARN_ENUM_CONVERSION = YES;
				CLANG_WARN_INFINITE_RECURSION = YES;
				CLANG_WARN_INT_CONVERSION = YES;
				CLANG_WARN_NON_LITERAL_NULL_CONVERSION = YES;
				CLANG_WARN_OBJC_IMPLICIT_RETAIN_SELF = YES;
				CLANG_WARN_OBJC_LITERAL_CONVERSION = YES;
				CLANG_WARN_OBJC_ROOT_CLASS = YES_ERROR;
				CLANG_WARN_RANGE_LOOP_ANALYSIS = YES;
				CLANG_WARN_STRICT_PROTOTYPES = YES;
				CLANG_WARN_SUSPICIOUS_MOVE = YES;
				CLANG_WARN_UNGUARDED_AVAILABILITY = YES_AGGRESSIVE;
				CLANG_WARN_UNREACHABLE_CODE = YES;
				CLANG_WARN__DUPLICATE_METHOD_MATCH = YES;
				COPY_PHASE_STRIP = NO;
				DEBUG_INFORMATION_FORMAT = dwarf;
				ENABLE_STRICT_OBJC_MSGSEND = YES;
				ENABLE_TESTABILITY = YES;
				GCC_C_LANGUAGE_STANDARD = gnu11;
				GCC_DYNAMIC_NO_PIC = NO;
				GCC_NO_COMMON_BLOCKS = YES;
				GCC_OPTIMIZATION_LEVEL = 0;
				GCC_PREPROCESSOR_DEFINITIONS = (
					"DEBUG=1",
					"$(inherited)",
				);
				GCC_WARN_64_TO_32_BIT_CONVERSION = YES;
				GCC_WARN_ABOUT_RETURN_TYPE = YES_ERROR;
				GCC_WARN_UNDECLARED_SELECTOR = YES;
				GCC_WARN_UNINITIALIZED_AUTOS = YES_AGGRESSIVE;
				GCC_WARN_UNUSED_FUNCTION = YES;
				GCC_WARN_UNUSED_VARIABLE = YES;
				IPHONEOS_DEPLOYMENT_TARGET = 13.6;
				MTL_ENABLE_DEBUG_INFO = INCLUDE_SOURCE;
				MTL_FAST_MATH = YES;
				ONLY_ACTIVE_ARCH = YES;
				SDKROOT = iphoneos;
				SWIFT_ACTIVE_COMPILATION_CONDITIONS = DEBUG;
				SWIFT_OPTIMIZATION_LEVEL = "-Onone";
			};
			name = Debug;
		};
		B37F7CDF2505A9BE00B408BA /* Release */ = {
			isa = XCBuildConfiguration;
			buildSettings = {
				ALWAYS_SEARCH_USER_PATHS = NO;
				CLANG_ANALYZER_NONNULL = YES;
				CLANG_ANALYZER_NUMBER_OBJECT_CONVERSION = YES_AGGRESSIVE;
				CLANG_CXX_LANGUAGE_STANDARD = "gnu++14";
				CLANG_CXX_LIBRARY = "libc++";
				CLANG_ENABLE_MODULES = YES;
				CLANG_ENABLE_OBJC_ARC = YES;
				CLANG_ENABLE_OBJC_WEAK = YES;
				CLANG_WARN_BLOCK_CAPTURE_AUTORELEASING = YES;
				CLANG_WARN_BOOL_CONVERSION = YES;
				CLANG_WARN_COMMA = YES;
				CLANG_WARN_CONSTANT_CONVERSION = YES;
				CLANG_WARN_DEPRECATED_OBJC_IMPLEMENTATIONS = YES;
				CLANG_WARN_DIRECT_OBJC_ISA_USAGE = YES_ERROR;
				CLANG_WARN_DOCUMENTATION_COMMENTS = YES;
				CLANG_WARN_EMPTY_BODY = YES;
				CLANG_WARN_ENUM_CONVERSION = YES;
				CLANG_WARN_INFINITE_RECURSION = YES;
				CLANG_WARN_INT_CONVERSION = YES;
				CLANG_WARN_NON_LITERAL_NULL_CONVERSION = YES;
				CLANG_WARN_OBJC_IMPLICIT_RETAIN_SELF = YES;
				CLANG_WARN_OBJC_LITERAL_CONVERSION = YES;
				CLANG_WARN_OBJC_ROOT_CLASS = YES_ERROR;
				CLANG_WARN_RANGE_LOOP_ANALYSIS = YES;
				CLANG_WARN_STRICT_PROTOTYPES = YES;
				CLANG_WARN_SUSPICIOUS_MOVE = YES;
				CLANG_WARN_UNGUARDED_AVAILABILITY = YES_AGGRESSIVE;
				CLANG_WARN_UNREACHABLE_CODE = YES;
				CLANG_WARN__DUPLICATE_METHOD_MATCH = YES;
				COPY_PHASE_STRIP = NO;
				DEBUG_INFORMATION_FORMAT = "dwarf-with-dsym";
				ENABLE_NS_ASSERTIONS = NO;
				ENABLE_STRICT_OBJC_MSGSEND = YES;
				GCC_C_LANGUAGE_STANDARD = gnu11;
				GCC_NO_COMMON_BLOCKS = YES;
				GCC_WARN_64_TO_32_BIT_CONVERSION = YES;
				GCC_WARN_ABOUT_RETURN_TYPE = YES_ERROR;
				GCC_WARN_UNDECLARED_SELECTOR = YES;
				GCC_WARN_UNINITIALIZED_AUTOS = YES_AGGRESSIVE;
				GCC_WARN_UNUSED_FUNCTION = YES;
				GCC_WARN_UNUSED_VARIABLE = YES;
				IPHONEOS_DEPLOYMENT_TARGET = 13.6;
				MTL_ENABLE_DEBUG_INFO = NO;
				MTL_FAST_MATH = YES;
				SDKROOT = iphoneos;
				SWIFT_COMPILATION_MODE = wholemodule;
				SWIFT_OPTIMIZATION_LEVEL = "-O";
				VALIDATE_PRODUCT = YES;
			};
			name = Release;
		};
		B37F7CE12505A9BE00B408BA /* Debug */ = {
			isa = XCBuildConfiguration;
			buildSettings = {
				ASSETCATALOG_COMPILER_APPICON_NAME = AppIcon;
				CODE_SIGN_STYLE = Automatic;
				DEVELOPMENT_ASSET_PATHS = "\"Landmarks/Preview Content\"";
				DEVELOPMENT_TEAM = X74VG8LAZG;
				ENABLE_PREVIEWS = YES;
				INFOPLIST_FILE = Landmarks/Info.plist;
				LD_RUNPATH_SEARCH_PATHS = (
					"$(inherited)",
					"@executable_path/Frameworks",
				);
				PRODUCT_BUNDLE_IDENTIFIER = com.pamela.ianovalli.Landmarks;
				PRODUCT_NAME = "$(TARGET_NAME)";
				SWIFT_VERSION = 5.0;
				TARGETED_DEVICE_FAMILY = "1,2";
			};
			name = Debug;
		};
		B37F7CE22505A9BE00B408BA /* Release */ = {
			isa = XCBuildConfiguration;
			buildSettings = {
				ASSETCATALOG_COMPILER_APPICON_NAME = AppIcon;
				CODE_SIGN_STYLE = Automatic;
				DEVELOPMENT_ASSET_PATHS = "\"Landmarks/Preview Content\"";
				DEVELOPMENT_TEAM = X74VG8LAZG;
				ENABLE_PREVIEWS = YES;
				INFOPLIST_FILE = Landmarks/Info.plist;
				LD_RUNPATH_SEARCH_PATHS = (
					"$(inherited)",
					"@executable_path/Frameworks",
				);
				PRODUCT_BUNDLE_IDENTIFIER = com.pamela.ianovalli.Landmarks;
				PRODUCT_NAME = "$(TARGET_NAME)";
				SWIFT_VERSION = 5.0;
				TARGETED_DEVICE_FAMILY = "1,2";
			};
			name = Release;
		};
/* End XCBuildConfiguration section */

/* Begin XCConfigurationList section */
		B37F7CC72505A9BC00B408BA /* Build configuration list for PBXProject "Landmarks" */ = {
			isa = XCConfigurationList;
			buildConfigurations = (
				B37F7CDE2505A9BE00B408BA /* Debug */,
				B37F7CDF2505A9BE00B408BA /* Release */,
			);
			defaultConfigurationIsVisible = 0;
			defaultConfigurationName = Release;
		};
		B37F7CE02505A9BE00B408BA /* Build configuration list for PBXNativeTarget "Landmarks" */ = {
			isa = XCConfigurationList;
			buildConfigurations = (
				B37F7CE12505A9BE00B408BA /* Debug */,
				B37F7CE22505A9BE00B408BA /* Release */,
			);
			defaultConfigurationIsVisible = 0;
			defaultConfigurationName = Release;
		};
/* End XCConfigurationList section */
	};
	rootObject = B37F7CC42505A9BC00B408BA /* Project object */;
}
